
Microsoft Visual Studio Solution File, Format Version 12.00
# Visual Studio 14
VisualStudioVersion = 14.0.25123.0
MinimumVisualStudioVersion = 10.0.40219.1
Project("{FAE04EC0-301F-11D3-BF4B-00C04F79EFBC}") = "ReqTrackit.website", "ReqTrackit.website\ReqTrackit.website.csproj", "{E1D34A78-2BC4-4A81-92D4-EF4A0C7E3988}"
EndProject
Project("{00D1A9C2-B5F0-4AF3-8072-F6C62B433612}") = "ReqTrackit.DB", "ReqTrackit.DB\ReqTrackit.DB.sqlproj", "{264DF6A3-27AE-4DC4-A801-D776C2AD8F30}"
EndProject
Global
	GlobalSection(SolutionConfigurationPlatforms) = preSolution
		Debug|Any CPU = Debug|Any CPU
		Release|Any CPU = Release|Any CPU
	EndGlobalSection
	GlobalSection(ProjectConfigurationPlatforms) = postSolution
		{E1D34A78-2BC4-4A81-92D4-EF4A0C7E3988}.Debug|Any CPU.ActiveCfg = Debug|Any CPU
		{E1D34A78-2BC4-4A81-92D4-EF4A0C7E3988}.Debug|Any CPU.Build.0 = Debug|Any CPU
		{E1D34A78-2BC4-4A81-92D4-EF4A0C7E3988}.Release|Any CPU.ActiveCfg = Release|Any CPU
		{E1D34A78-2BC4-4A81-92D4-EF4A0C7E3988}.Release|Any CPU.Build.0 = Release|Any CPU
		{264DF6A3-27AE-4DC4-A801-D776C2AD8F30}.Debug|Any CPU.ActiveCfg = Debug|Any CPU
		{264DF6A3-27AE-4DC4-A801-D776C2AD8F30}.Debug|Any CPU.Build.0 = Debug|Any CPU
		{264DF6A3-27AE-4DC4-A801-D776C2AD8F30}.Debug|Any CPU.Deploy.0 = Debug|Any CPU
		{264DF6A3-27AE-4DC4-A801-D776C2AD8F30}.Release|Any CPU.ActiveCfg = Release|Any CPU
		{264DF6A3-27AE-4DC4-A801-D776C2AD8F30}.Release|Any CPU.Build.0 = Release|Any CPU
		{264DF6A3-27AE-4DC4-A801-D776C2AD8F30}.Release|Any CPU.Deploy.0 = Release|Any CPU
	EndGlobalSection
	GlobalSection(SolutionProperties) = preSolution
		HideSolutionNode = FALSE
	EndGlobalSection
	GlobalSection(TeamFoundationVersionControl) = preSolution
		SccNumberOfProjects = 3
		SccEnterpriseProvider = {4CA58AB2-18FA-4F8D-95D4-32DDF27D184C}
		SccTeamFoundationServer = https://sgalitrainingnet.visualstudio.com/
		SccLocalPath0 = .
		SccProjectUniqueName1 = ReqTrackit.DB\\ReqTrackit.DB.sqlproj
		SccProjectName1 = ReqTrackit.DB
		SccLocalPath1 = ReqTrackit.DB
		SccProjectUniqueName2 = ReqTrackit.website\\ReqTrackit.website.csproj
		SccProjectName2 = ReqTrackit.website
		SccLocalPath2 = ReqTrackit.website
	EndGlobalSection
EndGlobal
